// !$*UTF8*$!
{
	archiveVersion = 1;
	classes = {
	};
	objectVersion = 46;
	objects = {

/* Begin PBXBuildFile section */
		E81348691DE3655F0037A5AD /* Database.m in Sources */ = {isa = PBXBuildFile; fileRef = E81348681DE3655F0037A5AD /* Database.m */; };
		E813486E1DE36A200037A5AD /* libsqlite3.0.tbd in Frameworks */ = {isa = PBXBuildFile; fileRef = E813486D1DE36A200037A5AD /* libsqlite3.0.tbd */; };
		E8149D501DE0206C00DA0E90 /* main.m in Sources */ = {isa = PBXBuildFile; fileRef = E8149D4F1DE0206C00DA0E90 /* main.m */; };
		E8149D531DE0206C00DA0E90 /* AppDelegate.m in Sources */ = {isa = PBXBuildFile; fileRef = E8149D521DE0206C00DA0E90 /* AppDelegate.m */; };
		E8149D561DE0206C00DA0E90 /* ViewController.m in Sources */ = {isa = PBXBuildFile; fileRef = E8149D551DE0206C00DA0E90 /* ViewController.m */; };
		E8149D591DE0206C00DA0E90 /* Main.storyboard in Resources */ = {isa = PBXBuildFile; fileRef = E8149D571DE0206C00DA0E90 /* Main.storyboard */; };
		E8149D5B1DE0206C00DA0E90 /* Assets.xcassets in Resources */ = {isa = PBXBuildFile; fileRef = E8149D5A1DE0206C00DA0E90 /* Assets.xcassets */; };
		E8149D5E1DE0206C00DA0E90 /* LaunchScreen.storyboard in Resources */ = {isa = PBXBuildFile; fileRef = E8149D5C1DE0206C00DA0E90 /* LaunchScreen.storyboard */; };
		E81678021DE6A07100FA6BE2 /* Model.xcdatamodeld in Sources */ = {isa = PBXBuildFile; fileRef = E81678001DE6A07100FA6BE2 /* Model.xcdatamodeld */; };
		E8658AFD1DEC018C00D7D41C /* test.sqlite in Resources */ = {isa = PBXBuildFile; fileRef = E8658AFC1DEC018C00D7D41C /* test.sqlite */; };
		E8956A601DE1B91D00245765 /* second.m in Sources */ = {isa = PBXBuildFile; fileRef = E8956A5F1DE1B91D00245765 /* second.m */; };
/* End PBXBuildFile section */

/* Begin PBXFileReference section */
		E81348671DE3655F0037A5AD /* Database.h */ = {isa = PBXFileReference; fileEncoding = 4; lastKnownFileType = sourcecode.c.h; path = Database.h; sourceTree = "<group>"; };
		E81348681DE3655F0037A5AD /* Database.m */ = {isa = PBXFileReference; fileEncoding = 4; lastKnownFileType = sourcecode.c.objc; path = Database.m; sourceTree = "<group>"; };
		E813486D1DE36A200037A5AD /* libsqlite3.0.tbd */ = {isa = PBXFileReference; lastKnownFileType = "sourcecode.text-based-dylib-definition"; name = libsqlite3.0.tbd; path = usr/lib/libsqlite3.0.tbd; sourceTree = SDKROOT; };
		E8149D4B1DE0206C00DA0E90 /* DemoTest.app */ = {isa = PBXFileReference; explicitFileType = wrapper.application; includeInIndex = 0; path = DemoTest.app; sourceTree = BUILT_PRODUCTS_DIR; };
		E8149D4F1DE0206C00DA0E90 /* main.m */ = {isa = PBXFileReference; lastKnownFileType = sourcecode.c.objc; path = main.m; sourceTree = "<group>"; };
		E8149D511DE0206C00DA0E90 /* AppDelegate.h */ = {isa = PBXFileReference; lastKnownFileType = sourcecode.c.h; path = AppDelegate.h; sourceTree = "<group>"; };
		E8149D521DE0206C00DA0E90 /* AppDelegate.m */ = {isa = PBXFileReference; lastKnownFileType = sourcecode.c.objc; path = AppDelegate.m; sourceTree = "<group>"; };
		E8149D541DE0206C00DA0E90 /* ViewController.h */ = {isa = PBXFileReference; lastKnownFileType = sourcecode.c.h; path = ViewController.h; sourceTree = "<group>"; };
		E8149D551DE0206C00DA0E90 /* ViewController.m */ = {isa = PBXFileReference; lastKnownFileType = sourcecode.c.objc; path = ViewController.m; sourceTree = "<group>"; };
		E8149D581DE0206C00DA0E90 /* Base */ = {isa = PBXFileReference; lastKnownFileType = file.storyboard; name = Base; path = Base.lproj/Main.storyboard; sourceTree = "<group>"; };
		E8149D5A1DE0206C00DA0E90 /* Assets.xcassets */ = {isa = PBXFileReference; lastKnownFileType = folder.assetcatalog; path = Assets.xcassets; sourceTree = "<group>"; };
		E8149D5D1DE0206C00DA0E90 /* Base */ = {isa = PBXFileReference; lastKnownFileType = file.storyboard; name = Base; path = Base.lproj/LaunchScreen.storyboard; sourceTree = "<group>"; };
		E8149D5F1DE0206C00DA0E90 /* Info.plist */ = {isa = PBXFileReference; lastKnownFileType = text.plist.xml; path = Info.plist; sourceTree = "<group>"; };
		E81678011DE6A07100FA6BE2 /* Model.xcdatamodel */ = {isa = PBXFileReference; lastKnownFileType = wrapper.xcdatamodel; path = Model.xcdatamodel; sourceTree = "<group>"; };
		E8658AFC1DEC018C00D7D41C /* test.sqlite */ = {isa = PBXFileReference; lastKnownFileType = file; path = test.sqlite; sourceTree = "<group>"; };
		E8956A5E1DE1B91D00245765 /* second.h */ = {isa = PBXFileReference; fileEncoding = 4; lastKnownFileType = sourcecode.c.h; path = second.h; sourceTree = "<group>"; };
		E8956A5F1DE1B91D00245765 /* second.m */ = {isa = PBXFileReference; fileEncoding = 4; lastKnownFileType = sourcecode.c.objc; path = second.m; sourceTree = "<group>"; };
/* End PBXFileReference section */

/* Begin PBXFrameworksBuildPhase section */
		E8149D481DE0206B00DA0E90 /* Frameworks */ = {
			isa = PBXFrameworksBuildPhase;
			buildActionMask = 2147483647;
			files = (
				E813486E1DE36A200037A5AD /* libsqlite3.0.tbd in Frameworks */,
			);
			runOnlyForDeploymentPostprocessing = 0;
		};
/* End PBXFrameworksBuildPhase section */

/* Begin PBXGroup section */
		E813486C1DE36A200037A5AD /* Frameworks */ = {
			isa = PBXGroup;
			children = (
				E813486D1DE36A200037A5AD /* libsqlite3.0.tbd */,
			);
			name = Frameworks;
			sourceTree = "<group>";
		};
		E8149D421DE0206B00DA0E90 = {
			isa = PBXGroup;
			children = (
				E8149D4D1DE0206C00DA0E90 /* DemoTest */,
				E8149D4C1DE0206C00DA0E90 /* Products */,
				E813486C1DE36A200037A5AD /* Frameworks */,
			);
			sourceTree = "<group>";
		};
		E8149D4C1DE0206C00DA0E90 /* Products */ = {
			isa = PBXGroup;
			children = (
				E8149D4B1DE0206C00DA0E90 /* DemoTest.app */,
			);
			name = Products;
			sourceTree = "<group>";
		};
		E8149D4D1DE0206C00DA0E90 /* DemoTest */ = {
			isa = PBXGroup;
			children = (
				E8658AFC1DEC018C00D7D41C /* test.sqlite */,
				E81348671DE3655F0037A5AD /* Database.h */,
				E81348681DE3655F0037A5AD /* Database.m */,
				E8149D511DE0206C00DA0E90 /* AppDelegate.h */,
				E8149D521DE0206C00DA0E90 /* AppDelegate.m */,
				E8149D541DE0206C00DA0E90 /* ViewController.h */,
				E8149D551DE0206C00DA0E90 /* ViewController.m */,
				E8956A5E1DE1B91D00245765 /* second.h */,
				E8956A5F1DE1B91D00245765 /* second.m */,
				E8149D571DE0206C00DA0E90 /* Main.storyboard */,
				E8149D5A1DE0206C00DA0E90 /* Assets.xcassets */,
				E8149D5C1DE0206C00DA0E90 /* LaunchScreen.storyboard */,
				E8149D5F1DE0206C00DA0E90 /* Info.plist */,
				E8149D4E1DE0206C00DA0E90 /* Supporting Files */,
				E81678001DE6A07100FA6BE2 /* Model.xcdatamodeld */,
			);
			path = DemoTest;
			sourceTree = "<group>";
		};
		E8149D4E1DE0206C00DA0E90 /* Supporting Files */ = {
			isa = PBXGroup;
			children = (
				E8149D4F1DE0206C00DA0E90 /* main.m */,
			);
			name = "Supporting Files";
			sourceTree = "<group>";
		};
/* End PBXGroup section */

/* Begin PBXNativeTarget section */
		E8149D4A1DE0206B00DA0E90 /* DemoTest */ = {
			isa = PBXNativeTarget;
			buildConfigurationList = E8149D781DE0206C00DA0E90 /* Build configuration list for PBXNativeTarget "DemoTest" */;
			buildPhases = (
				E8149D471DE0206B00DA0E90 /* Sources */,
				E8149D481DE0206B00DA0E90 /* Frameworks */,
				E8149D491DE0206B00DA0E90 /* Resources */,
			);
			buildRules = (
			);
			dependencies = (
			);
			name = DemoTest;
			productName = DemoTest;
			productReference = E8149D4B1DE0206C00DA0E90 /* DemoTest.app */;
			productType = "com.apple.product-type.application";
		};
/* End PBXNativeTarget section */

/* Begin PBXProject section */
		E8149D431DE0206B00DA0E90 /* Project object */ = {
			isa = PBXProject;
			attributes = {
				LastUpgradeCheck = 0800;
				ORGANIZATIONNAME = "Kuldeep Gadhvi";
				TargetAttributes = {
					E8149D4A1DE0206B00DA0E90 = {
						CreatedOnToolsVersion = 8.0;
						ProvisioningStyle = Automatic;
					};
				};
			};
			buildConfigurationList = E8149D461DE0206B00DA0E90 /* Build configuration list for PBXProject "DemoTest" */;
			compatibilityVersion = "Xcode 3.2";
			developmentRegion = English;
			hasScannedForEncodings = 0;
			knownRegions = (
				en,
				Base,
			);
			mainGroup = E8149D421DE0206B00DA0E90;
			productRefGroup = E8149D4C1DE0206C00DA0E90 /* Products */;
			projectDirPath = "";
			projectRoot = "";
			targets = (
				E8149D4A1DE0206B00DA0E90 /* DemoTest */,
			);
		};
/* End PBXProject section */

/* Begin PBXResourcesBuildPhase section */
		E8149D491DE0206B00DA0E90 /* Resources */ = {
			isa = PBXResourcesBuildPhase;
			buildActionMask = 2147483647;
			files = (
				E8149D5E1DE0206C00DA0E90 /* LaunchScreen.storyboard in Resources */,
				E8149D5B1DE0206C00DA0E90 /* Assets.xcassets in Resources */,
				E8149D591DE0206C00DA0E90 /* Main.storyboard in Resources */,
				E8658AFD1DEC018C00D7D41C /* test.sqlite in Resources */,
			);
			runOnlyForDeploymentPostprocessing = 0;
		};
/* End PBXResourcesBuildPhase section */

/* Begin PBXSourcesBuildPhase section */
		E8149D471DE0206B00DA0E90 /* Sources */ = {
			isa = PBXSourcesBuildPhase;
			buildActionMask = 2147483647;
			files = (
				E8149D561DE0206C00DA0E90 /* ViewController.m in Sources */,
				E81348691DE3655F0037A5AD /* Database.m in Sources */,
				E8149D531DE0206C00DA0E90 /* AppDelegate.m in Sources */,
				E8149D501DE0206C00DA0E90 /* main.m in Sources */,
				E8956A601DE1B91D00245765 /* second.m in Sources */,
				E81678021DE6A07100FA6BE2 /* Model.xcdatamodeld in Sources */,
			);
			runOnlyForDeploymentPostprocessing = 0;
		};
/* End PBXSourcesBuildPhase section */

/* Begin PBXVariantGroup section */
		E8149D571DE0206C00DA0E90 /* Main.storyboard */ = {
			isa = PBXVariantGroup;
			children = (
				E8149D581DE0206C00DA0E90 /* Base */,
			);
			name = Main.storyboard;
			sourceTree = "<group>";
		};
		E8149D5C1DE0206C00DA0E90 /* LaunchScreen.storyboard */ = {
			isa = PBXVariantGroup;
			children = (
				E8149D5D1DE0206C00DA0E90 /* Base */,
			);
			name = LaunchScreen.storyboard;
			sourceTree = "<group>";
		};
/* End PBXVariantGroup section */

/* Begin XCBuildConfiguration section */
		E8149D761DE0206C00DA0E90 /* Debug */ = {
			isa = XCBuildConfiguration;
			buildSettings = {
				ALWAYS_SEARCH_USER_PATHS = NO;
				CLANG_ANALYZER_NONNULL = YES;
				CLANG_CXX_LANGUAGE_STANDARD = "gnu++0x";
				CLANG_CXX_LIBRARY = "libc++";
				CLANG_ENABLE_MODULES = YES;
				CLANG_ENABLE_OBJC_ARC = YES;
				CLANG_WARN_BOOL_CONVERSION = YES;
				CLANG_WARN_CONSTANT_CONVERSION = YES;
				CLANG_WARN_DIRECT_OBJC_ISA_USAGE = YES_ERROR;
				CLANG_WARN_DOCUMENTATION_COMMENTS = YES;
				CLANG_WARN_EMPTY_BODY = YES;
				CLANG_WARN_ENUM_CONVERSION = YES;
				CLANG_WARN_INFINITE_RECURSION = YES;
				CLANG_WARN_INT_CONVERSION = YES;
				CLANG_WARN_OBJC_ROOT_CLASS = YES_ERROR;
				CLANG_WARN_SUSPICIOUS_MOVES = YES;
				CLANG_WARN_UNREACHABLE_CODE = YES;
				CLANG_WARN__DUPLICATE_METHOD_MATCH = YES;
				"CODE_SIGN_IDENTITY[sdk=iphoneos*]" = "iPhone Developer";
				COPY_PHASE_STRIP = NO;
				DEBUG_INFORMATION_FORMAT = dwarf;
				ENABLE_STRICT_OBJC_MSGSEND = YES;
				ENABLE_TESTABILITY = YES;
				GCC_C_LANGUAGE_STANDARD = gnu99;
				GCC_DYNAMIC_NO_PIC = NO;
				GCC_NO_COMMON_BLOCKS = YES;
				GCC_OPTIMIZATION_LEVEL = 0;
				GCC_PREPROCESSOR_DEFINITIONS = (
					"DEBUG=1",
					"$(inherited)",
				);
				GCC_WARN_64_TO_32_BIT_CONVERSION = YES;
				GCC_WARN_ABOUT_RETURN_TYPE = YES_ERROR;
				GCC_WARN_UNDECLARED_SELECTOR = YES;
				GCC_WARN_UNINITIALIZED_AUTOS = YES_AGGRESSIVE;
				GCC_WARN_UNUSED_FUNCTION = YES;
				GCC_WARN_UNUSED_VARIABLE = YES;
				IPHONEOS_DEPLOYMENT_TARGET = 10.0;
				MTL_ENABLE_DEBUG_INFO = YES;
				ONLY_ACTIVE_ARCH = YES;
				SDKROOT = iphoneos;
				TARGETED_DEVICE_FAMILY = "1,2";
			};
			name = Debug;
		};
		E8149D771DE0206C00DA0E90 /* Release */ = {
			isa = XCBuildConfiguration;
			buildSettings = {
				ALWAYS_SEARCH_USER_PATHS = NO;
				CLANG_ANALYZER_NONNULL = YES;
				CLANG_CXX_LANGUAGE_STANDARD = "gnu++0x";
				CLANG_CXX_LIBRARY = "libc++";
				CLANG_ENABLE_MODULES = YES;
				CLANG_ENABLE_OBJC_ARC = YES;
				CLANG_WARN_BOOL_CONVERSION = YES;
				CLANG_WARN_CONSTANT_CONVERSION = YES;
				CLANG_WARN_DIRECT_OBJC_ISA_USAGE = YES_ERROR;
				CLANG_WARN_DOCUMENTATION_COMMENTS = YES;
				CLANG_WARN_EMPTY_BODY = YES;
				CLANG_WARN_ENUM_CONVERSION = YES;
				CLANG_WARN_INFINITE_RECURSION = YES;
				CLANG_WARN_INT_CONVERSION = YES;
				CLANG_WARN_OBJC_ROOT_CLASS = YES_ERROR;
				CLANG_WARN_SUSPICIOUS_MOVES = YES;
				CLANG_WARN_UNREACHABLE_CODE = YES;
				CLANG_WARN__DUPLICATE_METHOD_MATCH = YES;
				"CODE_SIGN_IDENTITY[sdk=iphoneos*]" = "iPhone Developer";
				COPY_PHASE_STRIP = NO;
				DEBUG_INFORMATION_FORMAT = "dwarf-with-dsym";
				ENABLE_NS_ASSERTIONS = NO;
				ENABLE_STRICT_OBJC_MSGSEND = YES;
				GCC_C_LANGUAGE_STANDARD = gnu99;
				GCC_NO_COMMON_BLOCKS = YES;
				GCC_WARN_64_TO_32_BIT_CONVERSION = YES;
				GCC_WARN_ABOUT_RETURN_TYPE = YES_ERROR;
				GCC_WARN_UNDECLARED_SELECTOR = YES;
				GCC_WARN_UNINITIALIZED_AUTOS = YES_AGGRESSIVE;
				GCC_WARN_UNUSED_FUNCTION = YES;
				GCC_WARN_UNUSED_VARIABLE = YES;
				IPHONEOS_DEPLOYMENT_TARGET = 10.0;
				MTL_ENABLE_DEBUG_INFO = NO;
				SDKROOT = iphoneos;
				TARGETED_DEVICE_FAMILY = "1,2";
				VALIDATE_PRODUCT = YES;
			};
			name = Release;
		};
		E8149D791DE0206C00DA0E90 /* Debug */ = {
			isa = XCBuildConfiguration;
			buildSettings = {
				ASSETCATALOG_COMPILER_APPICON_NAME = AppIcon;
				CLANG_ENABLE_OBJC_ARC = YES;
				INFOPLIST_FILE = DemoTest/Info.plist;
				LD_RUNPATH_SEARCH_PATHS = "$(inherited) @executable_path/Frameworks";
				PRODUCT_BUNDLE_IDENTIFIER = com.DemoTest;
				PRODUCT_NAME = "$(TARGET_NAME)";
			};
			name = Debug;
		};
		E8149D7A1DE0206C00DA0E90 /* Release */ = {
			isa = XCBuildConfiguration;
			buildSettings = {
				ASSETCATALOG_COMPILER_APPICON_NAME = AppIcon;
				CLANG_ENABLE_OBJC_ARC = YES;
				INFOPLIST_FILE = DemoTest/Info.plist;
				LD_RUNPATH_SEARCH_PATHS = "$(inherited) @executable_path/Frameworks";
				PRODUCT_BUNDLE_IDENTIFIER = com.DemoTest;
				PRODUCT_NAME = "$(TARGET_NAME)";
			};
			name = Release;
		};
/* End XCBuildConfiguration section */

/* Begin XCConfigurationList section */
		E8149D461DE0206B00DA0E90 /* Build configuration list for PBXProject "DemoTest" */ = {
			isa = XCConfigurationList;
			buildConfigurations = (
				E8149D761DE0206C00DA0E90 /* Debug */,
				E8149D771DE0206C00DA0E90 /* Release */,
			);
			defaultConfigurationIsVisible = 0;
			defaultConfigurationName = Release;
		};
		E8149D781DE0206C00DA0E90 /* Build configuration list for PBXNativeTarget "DemoTest" */ = {
			isa = XCConfigurationList;
			buildConfigurations = (
				E8149D791DE0206C00DA0E90 /* Debug */,
				E8149D7A1DE0206C00DA0E90 /* Release */,
			);
			defaultConfigurationIsVisible = 0;
			defaultConfigurationName = Release;
		};
/* End XCConfigurationList section */

/* Begin XCVersionGroup section */
		E81678001DE6A07100FA6BE2 /* Model.xcdatamodeld */ = {
			isa = XCVersionGroup;
			children = (
				E81678011DE6A07100FA6BE2 /* Model.xcdatamodel */,
			);
			currentVersion = E81678011DE6A07100FA6BE2 /* Model.xcdatamodel */;
			path = Model.xcdatamodeld;
			sourceTree = "<group>";
			versionGroupType = wrapper.xcdatamodel;
		};
/* End XCVersionGroup section */
	};
	rootObject = E8149D431DE0206B00DA0E90 /* Project object */;
}
